// !$*UTF8*$!
{
	archiveVersion = 1;
	classes = {
	};
	objectVersion = 56;
	objects = {

/* Begin PBXBuildFile section */
		2E4B6AA8286969A100991438 /* LoginTwitterApp.swift in Sources */ = {isa = PBXBuildFile; fileRef = 2E4B6AA7286969A100991438 /* LoginTwitterApp.swift */; };
		2E4B6AAA286969A100991438 /* ContentView.swift in Sources */ = {isa = PBXBuildFile; fileRef = 2E4B6AA9286969A100991438 /* ContentView.swift */; };
		2E4B6AAC286969A300991438 /* Assets.xcassets in Resources */ = {isa = PBXBuildFile; fileRef = 2E4B6AAB286969A300991438 /* Assets.xcassets */; };
		2E4B6AB0286969A300991438 /* Preview Assets.xcassets in Resources */ = {isa = PBXBuildFile; fileRef = 2E4B6AAF286969A300991438 /* Preview Assets.xcassets */; };
		2E4B6AB7286969D800991438 /* LoginView.swift in Sources */ = {isa = PBXBuildFile; fileRef = 2E4B6AB6286969D800991438 /* LoginView.swift */; };
		2E4B6ABA28696A1600991438 /* KeychainAccess in Frameworks */ = {isa = PBXBuildFile; productRef = 2E4B6AB928696A1600991438 /* KeychainAccess */; };
		2E4B6ABD28696A2600991438 /* Sweet in Frameworks */ = {isa = PBXBuildFile; productRef = 2E4B6ABC28696A2600991438 /* Sweet */; };
		2E4B6ABF28696A6200991438 /* DeepLink.swift in Sources */ = {isa = PBXBuildFile; fileRef = 2E4B6ABE28696A6200991438 /* DeepLink.swift */; };
		2E4B6AC128696A7200991438 /* Secret.swift in Sources */ = {isa = PBXBuildFile; fileRef = 2E4B6AC028696A7200991438 /* Secret.swift */; };
		2E4B6AC328696A7E00991438 /* SecurityRandom.swift in Sources */ = {isa = PBXBuildFile; fileRef = 2E4B6AC228696A7E00991438 /* SecurityRandom.swift */; };
		2E4B6AC528696A8F00991438 /* Sweet+Extension.swift in Sources */ = {isa = PBXBuildFile; fileRef = 2E4B6AC428696A8F00991438 /* Sweet+Extension.swift */; };
		2E4B6AC728696AA100991438 /* TwitterOAuth2.swift in Sources */ = {isa = PBXBuildFile; fileRef = 2E4B6AC628696AA100991438 /* TwitterOAuth2.swift */; };
		2E4B6AC928696ABC00991438 /* TwitterScope.swift in Sources */ = {isa = PBXBuildFile; fileRef = 2E4B6AC828696ABC00991438 /* TwitterScope.swift */; };
		2E4B6ACB28696AD100991438 /* OAuth2ModelResponse.swift in Sources */ = {isa = PBXBuildFile; fileRef = 2E4B6ACA28696AD100991438 /* OAuth2ModelResponse.swift */; };
		2E80C4E72875F42300EF8047 /* AccountView.swift in Sources */ = {isa = PBXBuildFile; fileRef = 2E80C4E62875F42300EF8047 /* AccountView.swift */; };
/* End PBXBuildFile section */

/* Begin PBXFileReference section */
		2E4B6AA4286969A100991438 /* LoginTwitter.app */ = {isa = PBXFileReference; explicitFileType = wrapper.application; includeInIndex = 0; path = LoginTwitter.app; sourceTree = BUILT_PRODUCTS_DIR; };
		2E4B6AA7286969A100991438 /* LoginTwitterApp.swift */ = {isa = PBXFileReference; lastKnownFileType = sourcecode.swift; path = LoginTwitterApp.swift; sourceTree = "<group>"; };
		2E4B6AA9286969A100991438 /* ContentView.swift */ = {isa = PBXFileReference; lastKnownFileType = sourcecode.swift; path = ContentView.swift; sourceTree = "<group>"; };
		2E4B6AAB286969A300991438 /* Assets.xcassets */ = {isa = PBXFileReference; lastKnownFileType = folder.assetcatalog; path = Assets.xcassets; sourceTree = "<group>"; };
		2E4B6AAD286969A300991438 /* LoginTwitter.entitlements */ = {isa = PBXFileReference; lastKnownFileType = text.plist.entitlements; path = LoginTwitter.entitlements; sourceTree = "<group>"; };
		2E4B6AAF286969A300991438 /* Preview Assets.xcassets */ = {isa = PBXFileReference; lastKnownFileType = folder.assetcatalog; path = "Preview Assets.xcassets"; sourceTree = "<group>"; };
		2E4B6AB6286969D800991438 /* LoginView.swift */ = {isa = PBXFileReference; lastKnownFileType = sourcecode.swift; path = LoginView.swift; sourceTree = "<group>"; };
		2E4B6ABE28696A6200991438 /* DeepLink.swift */ = {isa = PBXFileReference; lastKnownFileType = sourcecode.swift; path = DeepLink.swift; sourceTree = "<group>"; };
		2E4B6AC028696A7200991438 /* Secret.swift */ = {isa = PBXFileReference; lastKnownFileType = sourcecode.swift; path = Secret.swift; sourceTree = "<group>"; };
		2E4B6AC228696A7E00991438 /* SecurityRandom.swift */ = {isa = PBXFileReference; lastKnownFileType = sourcecode.swift; path = SecurityRandom.swift; sourceTree = "<group>"; };
		2E4B6AC428696A8F00991438 /* Sweet+Extension.swift */ = {isa = PBXFileReference; lastKnownFileType = sourcecode.swift; path = "Sweet+Extension.swift"; sourceTree = "<group>"; };
		2E4B6AC628696AA100991438 /* TwitterOAuth2.swift */ = {isa = PBXFileReference; lastKnownFileType = sourcecode.swift; path = TwitterOAuth2.swift; sourceTree = "<group>"; };
		2E4B6AC828696ABC00991438 /* TwitterScope.swift */ = {isa = PBXFileReference; lastKnownFileType = sourcecode.swift; path = TwitterScope.swift; sourceTree = "<group>"; };
		2E4B6ACA28696AD100991438 /* OAuth2ModelResponse.swift */ = {isa = PBXFileReference; lastKnownFileType = sourcecode.swift; path = OAuth2ModelResponse.swift; sourceTree = "<group>"; };
		2E4B6ACC2869716D00991438 /* Info.plist */ = {isa = PBXFileReference; lastKnownFileType = text.plist; path = Info.plist; sourceTree = "<group>"; };
		2E80C4E62875F42300EF8047 /* AccountView.swift */ = {isa = PBXFileReference; lastKnownFileType = sourcecode.swift; path = AccountView.swift; sourceTree = "<group>"; };
/* End PBXFileReference section */

/* Begin PBXFrameworksBuildPhase section */
		2E4B6AA1286969A100991438 /* Frameworks */ = {
			isa = PBXFrameworksBuildPhase;
			buildActionMask = 2147483647;
			files = (
				2E4B6ABA28696A1600991438 /* KeychainAccess in Frameworks */,
				2E4B6ABD28696A2600991438 /* Sweet in Frameworks */,
			);
			runOnlyForDeploymentPostprocessing = 0;
		};
/* End PBXFrameworksBuildPhase section */

/* Begin PBXGroup section */
		2E4B6A9B286969A100991438 = {
			isa = PBXGroup;
			children = (
				2E4B6AA6286969A100991438 /* LoginTwitter */,
				2E4B6AA5286969A100991438 /* Products */,
			);
			sourceTree = "<group>";
		};
		2E4B6AA5286969A100991438 /* Products */ = {
			isa = PBXGroup;
			children = (
				2E4B6AA4286969A100991438 /* LoginTwitter.app */,
			);
			name = Products;
			sourceTree = "<group>";
		};
		2E4B6AA6286969A100991438 /* LoginTwitter */ = {
			isa = PBXGroup;
			children = (
				2E4B6ACC2869716D00991438 /* Info.plist */,
				2E4B6AA7286969A100991438 /* LoginTwitterApp.swift */,
				2E4B6AA9286969A100991438 /* ContentView.swift */,
				2E4B6ABE28696A6200991438 /* DeepLink.swift */,
				2E4B6AC828696ABC00991438 /* TwitterScope.swift */,
				2E4B6ACA28696AD100991438 /* OAuth2ModelResponse.swift */,
				2E4B6AC028696A7200991438 /* Secret.swift */,
				2E4B6AC228696A7E00991438 /* SecurityRandom.swift */,
				2E4B6AC428696A8F00991438 /* Sweet+Extension.swift */,
				2E4B6AC628696AA100991438 /* TwitterOAuth2.swift */,
				2E4B6AB6286969D800991438 /* LoginView.swift */,
				2E80C4E62875F42300EF8047 /* AccountView.swift */,
				2E4B6AAB286969A300991438 /* Assets.xcassets */,
				2E4B6AAD286969A300991438 /* LoginTwitter.entitlements */,
				2E4B6AAE286969A300991438 /* Preview Content */,
			);
			path = LoginTwitter;
			sourceTree = "<group>";
		};
		2E4B6AAE286969A300991438 /* Preview Content */ = {
			isa = PBXGroup;
			children = (
				2E4B6AAF286969A300991438 /* Preview Assets.xcassets */,
			);
			path = "Preview Content";
			sourceTree = "<group>";
		};
/* End PBXGroup section */

/* Begin PBXNativeTarget section */
		2E4B6AA3286969A100991438 /* LoginTwitter */ = {
			isa = PBXNativeTarget;
			buildConfigurationList = 2E4B6AB3286969A300991438 /* Build configuration list for PBXNativeTarget "LoginTwitter" */;
			buildPhases = (
				2E4B6AA0286969A100991438 /* Sources */,
				2E4B6AA1286969A100991438 /* Frameworks */,
				2E4B6AA2286969A100991438 /* Resources */,
			);
			buildRules = (
			);
			dependencies = (
			);
			name = LoginTwitter;
			packageProductDependencies = (
				2E4B6AB928696A1600991438 /* KeychainAccess */,
				2E4B6ABC28696A2600991438 /* Sweet */,
			);
			productName = LoginTwitter;
			productReference = 2E4B6AA4286969A100991438 /* LoginTwitter.app */;
			productType = "com.apple.product-type.application";
		};
/* End PBXNativeTarget section */

/* Begin PBXProject section */
		2E4B6A9C286969A100991438 /* Project object */ = {
			isa = PBXProject;
			attributes = {
				BuildIndependentTargetsInParallel = 1;
				LastSwiftUpdateCheck = 1400;
				LastUpgradeCheck = 1400;
				TargetAttributes = {
					2E4B6AA3286969A100991438 = {
						CreatedOnToolsVersion = 14.0;
					};
				};
			};
			buildConfigurationList = 2E4B6A9F286969A100991438 /* Build configuration list for PBXProject "LoginTwitter" */;
			compatibilityVersion = "Xcode 14.0";
			developmentRegion = en;
			hasScannedForEncodings = 0;
			knownRegions = (
				en,
				Base,
			);
			mainGroup = 2E4B6A9B286969A100991438;
			packageReferences = (
				2E4B6AB828696A1600991438 /* XCRemoteSwiftPackageReference "KeychainAccess" */,
				2E4B6ABB28696A2600991438 /* XCRemoteSwiftPackageReference "Sweet" */,
			);
			productRefGroup = 2E4B6AA5286969A100991438 /* Products */;
			projectDirPath = "";
			projectRoot = "";
			targets = (
				2E4B6AA3286969A100991438 /* LoginTwitter */,
			);
		};
/* End PBXProject section */

/* Begin PBXResourcesBuildPhase section */
		2E4B6AA2286969A100991438 /* Resources */ = {
			isa = PBXResourcesBuildPhase;
			buildActionMask = 2147483647;
			files = (
				2E4B6AB0286969A300991438 /* Preview Assets.xcassets in Resources */,
				2E4B6AAC286969A300991438 /* Assets.xcassets in Resources */,
			);
			runOnlyForDeploymentPostprocessing = 0;
		};
/* End PBXResourcesBuildPhase section */

/* Begin PBXSourcesBuildPhase section */
		2E4B6AA0286969A100991438 /* Sources */ = {
			isa = PBXSourcesBuildPhase;
			buildActionMask = 2147483647;
			files = (
				2E4B6AB7286969D800991438 /* LoginView.swift in Sources */,
				2E4B6AC128696A7200991438 /* Secret.swift in Sources */,
				2E4B6ACB28696AD100991438 /* OAuth2ModelResponse.swift in Sources */,
				2E4B6AC328696A7E00991438 /* SecurityRandom.swift in Sources */,
				2E80C4E72875F42300EF8047 /* AccountView.swift in Sources */,
				2E4B6ABF28696A6200991438 /* DeepLink.swift in Sources */,
				2E4B6AC728696AA100991438 /* TwitterOAuth2.swift in Sources */,
				2E4B6AAA286969A100991438 /* ContentView.swift in Sources */,
				2E4B6AC928696ABC00991438 /* TwitterScope.swift in Sources */,
				2E4B6AC528696A8F00991438 /* Sweet+Extension.swift in Sources */,
				2E4B6AA8286969A100991438 /* LoginTwitterApp.swift in Sources */,
			);
			runOnlyForDeploymentPostprocessing = 0;
		};
/* End PBXSourcesBuildPhase section */

/* Begin XCBuildConfiguration section */
		2E4B6AB1286969A300991438 /* Debug */ = {
			isa = XCBuildConfiguration;
			buildSettings = {
				ALWAYS_SEARCH_USER_PATHS = NO;
				CLANG_ANALYZER_NONNULL = YES;
				CLANG_ANALYZER_NUMBER_OBJECT_CONVERSION = YES_AGGRESSIVE;
				CLANG_CXX_LANGUAGE_STANDARD = "gnu++17";
				CLANG_ENABLE_MODULES = YES;
				CLANG_ENABLE_OBJC_ARC = YES;
				CLANG_ENABLE_OBJC_WEAK = YES;
				CLANG_WARN_BLOCK_CAPTURE_AUTORELEASING = YES;
				CLANG_WARN_BOOL_CONVERSION = YES;
				CLANG_WARN_COMMA = YES;
				CLANG_WARN_CONSTANT_CONVERSION = YES;
				CLANG_WARN_DEPRECATED_OBJC_IMPLEMENTATIONS = YES;
				CLANG_WARN_DIRECT_OBJC_ISA_USAGE = YES_ERROR;
				CLANG_WARN_DOCUMENTATION_COMMENTS = YES;
				CLANG_WARN_EMPTY_BODY = YES;
				CLANG_WARN_ENUM_CONVERSION = YES;
				CLANG_WARN_INFINITE_RECURSION = YES;
				CLANG_WARN_INT_CONVERSION = YES;
				CLANG_WARN_NON_LITERAL_NULL_CONVERSION = YES;
				CLANG_WARN_OBJC_IMPLICIT_RETAIN_SELF = YES;
				CLANG_WARN_OBJC_LITERAL_CONVERSION = YES;
				CLANG_WARN_OBJC_ROOT_CLASS = YES_ERROR;
				CLANG_WARN_QUOTED_INCLUDE_IN_FRAMEWORK_HEADER = YES;
				CLANG_WARN_RANGE_LOOP_ANALYSIS = YES;
				CLANG_WARN_STRICT_PROTOTYPES = YES;
				CLANG_WARN_SUSPICIOUS_MOVE = YES;
				CLANG_WARN_UNGUARDED_AVAILABILITY = YES_AGGRESSIVE;
				CLANG_WARN_UNREACHABLE_CODE = YES;
				CLANG_WARN__DUPLICATE_METHOD_MATCH = YES;
				COPY_PHASE_STRIP = NO;
				DEBUG_INFORMATION_FORMAT = dwarf;
				ENABLE_STRICT_OBJC_MSGSEND = YES;
				ENABLE_TESTABILITY = YES;
				GCC_C_LANGUAGE_STANDARD = gnu11;
				GCC_DYNAMIC_NO_PIC = NO;
				GCC_NO_COMMON_BLOCKS = YES;
				GCC_OPTIMIZATION_LEVEL = 0;
				GCC_PREPROCESSOR_DEFINITIONS = (
					"DEBUG=1",
					"$(inherited)",
				);
				GCC_WARN_64_TO_32_BIT_CONVERSION = YES;
				GCC_WARN_ABOUT_RETURN_TYPE = YES_ERROR;
				GCC_WARN_UNDECLARED_SELECTOR = YES;
				GCC_WARN_UNINITIALIZED_AUTOS = YES_AGGRESSIVE;
				GCC_WARN_UNUSED_FUNCTION = YES;
				GCC_WARN_UNUSED_VARIABLE = YES;
				MTL_ENABLE_DEBUG_INFO = INCLUDE_SOURCE;
				MTL_FAST_MATH = YES;
				ONLY_ACTIVE_ARCH = YES;
				SWIFT_ACTIVE_COMPILATION_CONDITIONS = DEBUG;
				SWIFT_OPTIMIZATION_LEVEL = "-Onone";
			};
			name = Debug;
		};
		2E4B6AB2286969A300991438 /* Release */ = {
			isa = XCBuildConfiguration;
			buildSettings = {
				ALWAYS_SEARCH_USER_PATHS = NO;
				CLANG_ANALYZER_NONNULL = YES;
				CLANG_ANALYZER_NUMBER_OBJECT_CONVERSION = YES_AGGRESSIVE;
				CLANG_CXX_LANGUAGE_STANDARD = "gnu++17";
				CLANG_ENABLE_MODULES = YES;
				CLANG_ENABLE_OBJC_ARC = YES;
				CLANG_ENABLE_OBJC_WEAK = YES;
				CLANG_WARN_BLOCK_CAPTURE_AUTORELEASING = YES;
				CLANG_WARN_BOOL_CONVERSION = YES;
				CLANG_WARN_COMMA = YES;
				CLANG_WARN_CONSTANT_CONVERSION = YES;
				CLANG_WARN_DEPRECATED_OBJC_IMPLEMENTATIONS = YES;
				CLANG_WARN_DIRECT_OBJC_ISA_USAGE = YES_ERROR;
				CLANG_WARN_DOCUMENTATION_COMMENTS = YES;
				CLANG_WARN_EMPTY_BODY = YES;
				CLANG_WARN_ENUM_CONVERSION = YES;
				CLANG_WARN_INFINITE_RECURSION = YES;
				CLANG_WARN_INT_CONVERSION = YES;
				CLANG_WARN_NON_LITERAL_NULL_CONVERSION = YES;
				CLANG_WARN_OBJC_IMPLICIT_RETAIN_SELF = YES;
				CLANG_WARN_OBJC_LITERAL_CONVERSION = YES;
				CLANG_WARN_OBJC_ROOT_CLASS = YES_ERROR;
				CLANG_WARN_QUOTED_INCLUDE_IN_FRAMEWORK_HEADER = YES;
				CLANG_WARN_RANGE_LOOP_ANALYSIS = YES;
				CLANG_WARN_STRICT_PROTOTYPES = YES;
				CLANG_WARN_SUSPICIOUS_MOVE = YES;
				CLANG_WARN_UNGUARDED_AVAILABILITY = YES_AGGRESSIVE;
				CLANG_WARN_UNREACHABLE_CODE = YES;
				CLANG_WARN__DUPLICATE_METHOD_MATCH = YES;
				COPY_PHASE_STRIP = NO;
				DEBUG_INFORMATION_FORMAT = "dwarf-with-dsym";
				ENABLE_NS_ASSERTIONS = NO;
				ENABLE_STRICT_OBJC_MSGSEND = YES;
				GCC_C_LANGUAGE_STANDARD = gnu11;
				GCC_NO_COMMON_BLOCKS = YES;
				GCC_WARN_64_TO_32_BIT_CONVERSION = YES;
				GCC_WARN_ABOUT_RETURN_TYPE = YES_ERROR;
				GCC_WARN_UNDECLARED_SELECTOR = YES;
				GCC_WARN_UNINITIALIZED_AUTOS = YES_AGGRESSIVE;
				GCC_WARN_UNUSED_FUNCTION = YES;
				GCC_WARN_UNUSED_VARIABLE = YES;
				MTL_ENABLE_DEBUG_INFO = NO;
				MTL_FAST_MATH = YES;
				SWIFT_COMPILATION_MODE = wholemodule;
				SWIFT_OPTIMIZATION_LEVEL = "-O";
			};
			name = Release;
		};
		2E4B6AB4286969A300991438 /* Debug */ = {
			isa = XCBuildConfiguration;
			buildSettings = {
				ASSETCATALOG_COMPILER_APPICON_NAME = AppIcon;
				ASSETCATALOG_COMPILER_GLOBAL_ACCENT_COLOR_NAME = AccentColor;
				CODE_SIGN_ENTITLEMENTS = LoginTwitter/LoginTwitter.entitlements;
				CODE_SIGN_STYLE = Automatic;
				CURRENT_PROJECT_VERSION = 1;
				DEVELOPMENT_ASSET_PATHS = "\"LoginTwitter/Preview Content\"";
				DEVELOPMENT_TEAM = PU5HXZ4FZ2;
				ENABLE_HARDENED_RUNTIME = YES;
				ENABLE_PREVIEWS = YES;
				GENERATE_INFOPLIST_FILE = YES;
				INFOPLIST_FILE = LoginTwitter/Info.plist;
				"INFOPLIST_KEY_UILaunchScreen_Generation[sdk=iphoneos*]" = YES;
				"INFOPLIST_KEY_UILaunchScreen_Generation[sdk=iphonesimulator*]" = YES;
				INFOPLIST_KEY_UISupportedInterfaceOrientations_iPad = "UIInterfaceOrientationPortrait UIInterfaceOrientationPortraitUpsideDown UIInterfaceOrientationLandscapeLeft UIInterfaceOrientationLandscapeRight";
				INFOPLIST_KEY_UISupportedInterfaceOrientations_iPhone = "UIInterfaceOrientationPortrait UIInterfaceOrientationLandscapeLeft UIInterfaceOrientationLandscapeRight";
				IPHONEOS_DEPLOYMENT_TARGET = 15.0;
				LD_RUNPATH_SEARCH_PATHS = "@executable_path/Frameworks";
				"LD_RUNPATH_SEARCH_PATHS[sdk=macosx*]" = "@executable_path/../Frameworks";
				MACOSX_DEPLOYMENT_TARGET = 12.0;
				MARKETING_VERSION = 1.0;
				PRODUCT_BUNDLE_IDENTIFIER = com.sample.LoginTwitter;
				PRODUCT_NAME = "$(TARGET_NAME)";
				SDKROOT = auto;
				SUPPORTED_PLATFORMS = "iphoneos iphonesimulator macosx";
				SWIFT_EMIT_LOC_STRINGS = YES;
				SWIFT_VERSION = 5.0;
				TARGETED_DEVICE_FAMILY = "1,2";
			};
			name = Debug;
		};
		2E4B6AB5286969A300991438 /* Release */ = {
			isa = XCBuildConfiguration;
			buildSettings = {
				ASSETCATALOG_COMPILER_APPICON_NAME = AppIcon;
				ASSETCATALOG_COMPILER_GLOBAL_ACCENT_COLOR_NAME = AccentColor;
				CODE_SIGN_ENTITLEMENTS = LoginTwitter/LoginTwitter.entitlements;
				CODE_SIGN_STYLE = Automatic;
				CURRENT_PROJECT_VERSION = 1;
				DEVELOPMENT_ASSET_PATHS = "\"LoginTwitter/Preview Content\"";
				DEVELOPMENT_TEAM = PU5HXZ4FZ2;
				ENABLE_HARDENED_RUNTIME = YES;
				ENABLE_PREVIEWS = YES;
				GENERATE_INFOPLIST_FILE = YES;
				INFOPLIST_FILE = LoginTwitter/Info.plist;
				"INFOPLIST_KEY_UILaunchScreen_Generation[sdk=iphoneos*]" = YES;
				"INFOPLIST_KEY_UILaunchScreen_Generation[sdk=iphonesimulator*]" = YES;
				INFOPLIST_KEY_UISupportedInterfaceOrientations_iPad = "UIInterfaceOrientationPortrait UIInterfaceOrientationPortraitUpsideDown UIInterfaceOrientationLandscapeLeft UIInterfaceOrientationLandscapeRight";
				INFOPLIST_KEY_UISupportedInterfaceOrientations_iPhone = "UIInterfaceOrientationPortrait UIInterfaceOrientationLandscapeLeft UIInterfaceOrientationLandscapeRight";
				IPHONEOS_DEPLOYMENT_TARGET = 15.0;
				LD_RUNPATH_SEARCH_PATHS = "@executable_path/Frameworks";
				"LD_RUNPATH_SEARCH_PATHS[sdk=macosx*]" = "@executable_path/../Frameworks";
				MACOSX_DEPLOYMENT_TARGET = 12.0;
				MARKETING_VERSION = 1.0;
				PRODUCT_BUNDLE_IDENTIFIER = com.sample.LoginTwitter;
				PRODUCT_NAME = "$(TARGET_NAME)";
				SDKROOT = auto;
				SUPPORTED_PLATFORMS = "iphoneos iphonesimulator macosx";
				SWIFT_EMIT_LOC_STRINGS = YES;
				SWIFT_VERSION = 5.0;
				TARGETED_DEVICE_FAMILY = "1,2";
			};
			name = Release;
		};
/* End XCBuildConfiguration section */

/* Begin XCConfigurationList section */
		2E4B6A9F286969A100991438 /* Build configuration list for PBXProject "LoginTwitter" */ = {
			isa = XCConfigurationList;
			buildConfigurations = (
				2E4B6AB1286969A300991438 /* Debug */,
				2E4B6AB2286969A300991438 /* Release */,
			);
			defaultConfigurationIsVisible = 0;
			defaultConfigurationName = Release;
		};
		2E4B6AB3286969A300991438 /* Build configuration list for PBXNativeTarget "LoginTwitter" */ = {
			isa = XCConfigurationList;
			buildConfigurations = (
				2E4B6AB4286969A300991438 /* Debug */,
				2E4B6AB5286969A300991438 /* Release */,
			);
			defaultConfigurationIsVisible = 0;
			defaultConfigurationName = Release;
		};
/* End XCConfigurationList section */

/* Begin XCRemoteSwiftPackageReference section */
		2E4B6AB828696A1600991438 /* XCRemoteSwiftPackageReference "KeychainAccess" */ = {
			isa = XCRemoteSwiftPackageReference;
			repositoryURL = "https://github.com/kishikawakatsumi/KeychainAccess";
			requirement = {
				kind = upToNextMajorVersion;
				minimumVersion = 4.0.0;
			};
		};
		2E4B6ABB28696A2600991438 /* XCRemoteSwiftPackageReference "Sweet" */ = {
			isa = XCRemoteSwiftPackageReference;
			repositoryURL = "https://github.com/zunda-pixel/Sweet";
			requirement = {
				kind = upToNextMajorVersion;
				minimumVersion = 1.0.0;
			};
		};
/* End XCRemoteSwiftPackageReference section */

/* Begin XCSwiftPackageProductDependency section */
		2E4B6AB928696A1600991438 /* KeychainAccess */ = {
			isa = XCSwiftPackageProductDependency;
			package = 2E4B6AB828696A1600991438 /* XCRemoteSwiftPackageReference "KeychainAccess" */;
			productName = KeychainAccess;
		};
		2E4B6ABC28696A2600991438 /* Sweet */ = {
			isa = XCSwiftPackageProductDependency;
			package = 2E4B6ABB28696A2600991438 /* XCRemoteSwiftPackageReference "Sweet" */;
			productName = Sweet;
		};
/* End XCSwiftPackageProductDependency section */
	};
	rootObject = 2E4B6A9C286969A100991438 /* Project object */;
}
