{
  "pins" : [
    {
      "identity" : "httpclient",
      "kind" : "remoteSourceControl",
      "location" : "https://github.com/zunda-pixel/HTTPClient",
      "state" : {
        "revision" : "270418dad6d9bbe64158394f4e88feb49866889c",
        "version" : "1.4.0"
      }
    },
    {
      "identity" : "httpmethod",
      "kind" : "remoteSourceControl",
      "location" : "https://github.com/thii/HTTPMethod",
      "state" : {
        "revision" : "5cb356f4cdd00f1c79f52250f697a4007be22d55",
        "version" : "0.1.0"
      }
    },
    {
      "identity" : "keychainaccess",
      "kind" : "remoteSourceControl",
      "location" : "https://github.com/kishikawakatsumi/KeychainAccess",
      "state" : {
        "revision" : "84e546727d66f1adc5439debad16270d0fdd04e7",
        "version" : "4.2.2"
      }
    },
    {
      "identity" : "oauth1",
      "kind" : "remoteSourceControl",
      "location" : "https://github.com/zunda-pixel/OAuth1",
      "state" : {
        "revision" : "e9dd391d38e21188ec6031951cab42304d8c6189",
        "version" : "1.0.4"
      }
    },
    {
      "identity" : "sweet",
      "kind" : "remoteSourceControl",
      "location" : "https://github.com/zunda-pixel/Sweet",
      "state" : {
        "revision" : "965100c494e5d9883f46eaceebd94c9376478819",
        "version" : "2.2.6"
      }
    }
  ],
  "version" : 2
}
